
Microsoft Visual Studio Solution File, Format Version 12.00
# Visual Studio 15
VisualStudioVersion = 15.0.26730.3
MinimumVisualStudioVersion = 10.0.40219.1
Project("{E24C65DC-7377-472B-9ABA-BC803B73C61A}") = "MyJavascriptTutorials", "..\..\..\..\..\GitHub\MyJavascriptTutorials\", "{FCA5E458-3D02-40A5-AAFD-3CB4AF61A25B}"
	ProjectSection(WebsiteProperties) = preProject
		TargetFrameworkMoniker = ".NETFramework,Version%3Dv4.6.1"
		Debug.AspNetCompiler.VirtualPath = "/localhost_53905"
		Debug.AspNetCompiler.PhysicalPath = "..\..\..\..\..\GitHub\MyJavascriptTutorials\"
		Debug.AspNetCompiler.TargetPath = "PrecompiledWeb\localhost_53905\"
		Debug.AspNetCompiler.Updateable = "true"
		Debug.AspNetCompiler.ForceOverwrite = "true"
		Debug.AspNetCompiler.FixedNames = "false"
		Debug.AspNetCompiler.Debug = "True"
		Release.AspNetCompiler.VirtualPath = "/localhost_53905"
		Release.AspNetCompiler.PhysicalPath = "..\..\..\..\..\GitHub\MyJavascriptTutorials\"
		Release.AspNetCompiler.TargetPath = "PrecompiledWeb\localhost_53905\"
		Release.AspNetCompiler.Updateable = "true"
		Release.AspNetCompiler.ForceOverwrite = "true"
		Release.AspNetCompiler.FixedNames = "false"
		Release.AspNetCompiler.Debug = "False"
		VWDPort = "53905"
		SlnRelativePath = "..\..\..\..\..\GitHub\MyJavascriptTutorials\"
	EndProjectSection
EndProject
Global
	GlobalSection(SolutionConfigurationPlatforms) = preSolution
		Debug|Any CPU = Debug|Any CPU
	EndGlobalSection
	GlobalSection(ProjectConfigurationPlatforms) = postSolution
		{FCA5E458-3D02-40A5-AAFD-3CB4AF61A25B}.Debug|Any CPU.ActiveCfg = Debug|Any CPU
		{FCA5E458-3D02-40A5-AAFD-3CB4AF61A25B}.Debug|Any CPU.Build.0 = Debug|Any CPU
	EndGlobalSection
	GlobalSection(SolutionProperties) = preSolution
		HideSolutionNode = FALSE
	EndGlobalSection
	GlobalSection(ExtensibilityGlobals) = postSolution
		SolutionGuid = {D07102FD-A10C-4D65-B707-AFD30ED167CD}
	EndGlobalSection
EndGlobal
